
Microsoft Visual Studio Solution File, Format Version 12.00
# Visual Studio 2012
Project("{FAE04EC0-301F-11D3-BF4B-00C04F79EFBC}") = "Happy.Ioc", "Happy.Ioc\Happy.Ioc.csproj", "{94D50865-5D24-4C63-8E10-B18FBC4DBFFB}"
EndProject
Project("{FAE04EC0-301F-11D3-BF4B-00C04F79EFBC}") = "Happy.Ioc.Aop.Castle", "Happy.Ioc.Aop.Castle\Happy.Ioc.Aop.Castle.csproj", "{9A1CDC3C-A3A7-402E-A5DD-C85164C1F51E}"
EndProject
Project("{FAE04EC0-301F-11D3-BF4B-00C04F79EFBC}") = "Happy.Ioc.Autofac", "Happy.Ioc.Autofac\Happy.Ioc.Autofac.csproj", "{84EE081F-81A9-41AB-B56E-D7644EA256D4}"
EndProject
Project("{2150E333-8FDC-42A3-9474-1A3956D46DE8}") = ".nuget", ".nuget", "{A0CCAB05-FD8C-434F-828E-AB0015C5975C}"
	ProjectSection(SolutionItems) = preProject
		.nuget\NuGet.Config = .nuget\NuGet.Config
		.nuget\NuGet.exe = .nuget\NuGet.exe
		.nuget\NuGet.targets = .nuget\NuGet.targets
	EndProjectSection
EndProject
Global
	GlobalSection(SolutionConfigurationPlatforms) = preSolution
		Debug|Any CPU = Debug|Any CPU
		Release|Any CPU = Release|Any CPU
	EndGlobalSection
	GlobalSection(ProjectConfigurationPlatforms) = postSolution
		{94D50865-5D24-4C63-8E10-B18FBC4DBFFB}.Debug|Any CPU.ActiveCfg = Debug|Any CPU
		{94D50865-5D24-4C63-8E10-B18FBC4DBFFB}.Debug|Any CPU.Build.0 = Debug|Any CPU
		{94D50865-5D24-4C63-8E10-B18FBC4DBFFB}.Release|Any CPU.ActiveCfg = Release|Any CPU
		{94D50865-5D24-4C63-8E10-B18FBC4DBFFB}.Release|Any CPU.Build.0 = Release|Any CPU
		{9A1CDC3C-A3A7-402E-A5DD-C85164C1F51E}.Debug|Any CPU.ActiveCfg = Debug|Any CPU
		{9A1CDC3C-A3A7-402E-A5DD-C85164C1F51E}.Debug|Any CPU.Build.0 = Debug|Any CPU
		{9A1CDC3C-A3A7-402E-A5DD-C85164C1F51E}.Release|Any CPU.ActiveCfg = Release|Any CPU
		{9A1CDC3C-A3A7-402E-A5DD-C85164C1F51E}.Release|Any CPU.Build.0 = Release|Any CPU
		{84EE081F-81A9-41AB-B56E-D7644EA256D4}.Debug|Any CPU.ActiveCfg = Debug|Any CPU
		{84EE081F-81A9-41AB-B56E-D7644EA256D4}.Debug|Any CPU.Build.0 = Debug|Any CPU
		{84EE081F-81A9-41AB-B56E-D7644EA256D4}.Release|Any CPU.ActiveCfg = Release|Any CPU
		{84EE081F-81A9-41AB-B56E-D7644EA256D4}.Release|Any CPU.Build.0 = Release|Any CPU
	EndGlobalSection
	GlobalSection(SolutionProperties) = preSolution
		HideSolutionNode = FALSE
	EndGlobalSection
EndGlobal
